
Microsoft Visual Studio Solution File, Format Version 12.00
# Visual Studio Version 16
VisualStudioVersion = 16.0.31005.135
MinimumVisualStudioVersion = 10.0.40219.1
Project("{9A19103F-16F7-4668-BE54-9A1E7A4F7556}") = "CS01-Algoritmos", "CS01-Algoritmos\CS01-Algoritmos.csproj", "{04B5A738-9ABF-44CF-919D-759E3212402B}"
EndProject
Project("{9A19103F-16F7-4668-BE54-9A1E7A4F7556}") = "CS02-ByteBank", "CS02-ByteBank\CS02-ByteBank.csproj", "{4BECE82E-EEB0-44F6-9484-9BA14CDF1533}"
EndProject
Project("{9A19103F-16F7-4668-BE54-9A1E7A4F7556}") = "CS02-ByteBank.Domain", "CS02-ByteBank.Domain\CS02-ByteBank.Domain.csproj", "{3A95BECD-EB38-4793-90F1-E8F8F7C57D57}"
EndProject
Global
	GlobalSection(SolutionConfigurationPlatforms) = preSolution
		Debug|Any CPU = Debug|Any CPU
		Release|Any CPU = Release|Any CPU
	EndGlobalSection
	GlobalSection(ProjectConfigurationPlatforms) = postSolution
		{04B5A738-9ABF-44CF-919D-759E3212402B}.Debug|Any CPU.ActiveCfg = Debug|Any CPU
		{04B5A738-9ABF-44CF-919D-759E3212402B}.Debug|Any CPU.Build.0 = Debug|Any CPU
		{04B5A738-9ABF-44CF-919D-759E3212402B}.Release|Any CPU.ActiveCfg = Release|Any CPU
		{04B5A738-9ABF-44CF-919D-759E3212402B}.Release|Any CPU.Build.0 = Release|Any CPU
		{4BECE82E-EEB0-44F6-9484-9BA14CDF1533}.Debug|Any CPU.ActiveCfg = Debug|Any CPU
		{4BECE82E-EEB0-44F6-9484-9BA14CDF1533}.Debug|Any CPU.Build.0 = Debug|Any CPU
		{4BECE82E-EEB0-44F6-9484-9BA14CDF1533}.Release|Any CPU.ActiveCfg = Release|Any CPU
		{4BECE82E-EEB0-44F6-9484-9BA14CDF1533}.Release|Any CPU.Build.0 = Release|Any CPU
		{3A95BECD-EB38-4793-90F1-E8F8F7C57D57}.Debug|Any CPU.ActiveCfg = Debug|Any CPU
		{3A95BECD-EB38-4793-90F1-E8F8F7C57D57}.Debug|Any CPU.Build.0 = Debug|Any CPU
		{3A95BECD-EB38-4793-90F1-E8F8F7C57D57}.Release|Any CPU.ActiveCfg = Release|Any CPU
		{3A95BECD-EB38-4793-90F1-E8F8F7C57D57}.Release|Any CPU.Build.0 = Release|Any CPU
	EndGlobalSection
	GlobalSection(SolutionProperties) = preSolution
		HideSolutionNode = FALSE
	EndGlobalSection
	GlobalSection(ExtensibilityGlobals) = postSolution
		SolutionGuid = {B4C7E4A3-0727-4001-99FF-BD8FCF414E8C}
	EndGlobalSection
EndGlobal
