
Microsoft Visual Studio Solution File, Format Version 12.00
# Visual Studio Version 16
VisualStudioVersion = 16.0.31005.135
MinimumVisualStudioVersion = 10.0.40219.1
Project("{9A19103F-16F7-4668-BE54-9A1E7A4F7556}") = "CS01-Algoritmos", "CS01-Algoritmos\CS01-Algoritmos.csproj", "{04B5A738-9ABF-44CF-919D-759E3212402B}"
EndProject
Project("{9A19103F-16F7-4668-BE54-9A1E7A4F7556}") = "CS02-ByteBank", "CS02-ByteBank\CS02-ByteBank.csproj", "{4BECE82E-EEB0-44F6-9484-9BA14CDF1533}"
EndProject
Project("{9A19103F-16F7-4668-BE54-9A1E7A4F7556}") = "CS03-ByteBank", "CS03-ByteBank\CS03-ByteBank.csproj", "{EA34EBDC-405F-4B36-9BD6-525415A8C2EA}"
EndProject
Project("{9A19103F-16F7-4668-BE54-9A1E7A4F7556}") = "CS04-ByteBank", "CS04-ByteBank\CS04-ByteBank.csproj", "{C3682860-648E-4D64-B31E-67BAA3856489}"
EndProject
Project("{9A19103F-16F7-4668-BE54-9A1E7A4F7556}") = "CS04-Excecoes", "CS04-Excecoes\CS04-Excecoes.csproj", "{B436D10F-BB18-4048-8D1A-70003B97953A}"
EndProject
Global
	GlobalSection(SolutionConfigurationPlatforms) = preSolution
		Debug|Any CPU = Debug|Any CPU
		Release|Any CPU = Release|Any CPU
	EndGlobalSection
	GlobalSection(ProjectConfigurationPlatforms) = postSolution
		{04B5A738-9ABF-44CF-919D-759E3212402B}.Debug|Any CPU.ActiveCfg = Debug|Any CPU
		{04B5A738-9ABF-44CF-919D-759E3212402B}.Debug|Any CPU.Build.0 = Debug|Any CPU
		{04B5A738-9ABF-44CF-919D-759E3212402B}.Release|Any CPU.ActiveCfg = Release|Any CPU
		{04B5A738-9ABF-44CF-919D-759E3212402B}.Release|Any CPU.Build.0 = Release|Any CPU
		{4BECE82E-EEB0-44F6-9484-9BA14CDF1533}.Debug|Any CPU.ActiveCfg = Debug|Any CPU
		{4BECE82E-EEB0-44F6-9484-9BA14CDF1533}.Debug|Any CPU.Build.0 = Debug|Any CPU
		{4BECE82E-EEB0-44F6-9484-9BA14CDF1533}.Release|Any CPU.ActiveCfg = Release|Any CPU
		{4BECE82E-EEB0-44F6-9484-9BA14CDF1533}.Release|Any CPU.Build.0 = Release|Any CPU
		{EA34EBDC-405F-4B36-9BD6-525415A8C2EA}.Debug|Any CPU.ActiveCfg = Debug|Any CPU
		{EA34EBDC-405F-4B36-9BD6-525415A8C2EA}.Debug|Any CPU.Build.0 = Debug|Any CPU
		{EA34EBDC-405F-4B36-9BD6-525415A8C2EA}.Release|Any CPU.ActiveCfg = Release|Any CPU
		{EA34EBDC-405F-4B36-9BD6-525415A8C2EA}.Release|Any CPU.Build.0 = Release|Any CPU
		{C3682860-648E-4D64-B31E-67BAA3856489}.Debug|Any CPU.ActiveCfg = Debug|Any CPU
		{C3682860-648E-4D64-B31E-67BAA3856489}.Debug|Any CPU.Build.0 = Debug|Any CPU
		{C3682860-648E-4D64-B31E-67BAA3856489}.Release|Any CPU.ActiveCfg = Release|Any CPU
		{C3682860-648E-4D64-B31E-67BAA3856489}.Release|Any CPU.Build.0 = Release|Any CPU
		{B436D10F-BB18-4048-8D1A-70003B97953A}.Debug|Any CPU.ActiveCfg = Debug|Any CPU
		{B436D10F-BB18-4048-8D1A-70003B97953A}.Debug|Any CPU.Build.0 = Debug|Any CPU
		{B436D10F-BB18-4048-8D1A-70003B97953A}.Release|Any CPU.ActiveCfg = Release|Any CPU
		{B436D10F-BB18-4048-8D1A-70003B97953A}.Release|Any CPU.Build.0 = Release|Any CPU
	EndGlobalSection
	GlobalSection(SolutionProperties) = preSolution
		HideSolutionNode = FALSE
	EndGlobalSection
	GlobalSection(ExtensibilityGlobals) = postSolution
		SolutionGuid = {B4C7E4A3-0727-4001-99FF-BD8FCF414E8C}
	EndGlobalSection
EndGlobal
